github.com/buger/goterm v0.0.0-20181115115552-c206103e1f37 h1:uxxtrnACqI9zK4ENDMf0WpXfUsHP5V8liuq5QdgDISU=
github.com/buger/goterm v0.0.0-20181115115552-c206103e1f37/go.mod h1:u9UyCz2eTrSGy6fbupqJ54eY5c4IC8gREQ1053dK12U=
github.com/ziutek/rrd v0.0.0-20190418220501-03be5a978894 h1:YBbl6znQ3JVJLWn7TlZk/MzXOzOwv4NqDpuTqVarJhs=
github.com/ziutek/rrd v0.0.0-20190418220501-03be5a978894/go.mod h1:kncaQbFuKfmLNOnFKb9VQJ6qWV61iHxIxUQZBZvbEfA=
golang.org/x/sys v0.0.0-20190613124609-5ed2794edfdc h1:x+/QxSNkVFAC+v4pL1f6mZr1z+qgi+FoR8ccXZPVC10=
golang.org/x/sys v0.0.0-20190613124609-5ed2794edfdc/go.mod h1:h1NjWce9XRLGQEsW7wpKNCjG9DtNlClVuFLEZdDNbEs=
