# THIS IS AN AUTOGENERATED FILE. DO NOT EDIT THIS FILE DIRECTLY.
# yarn lockfile v1


async-limiter@^1.0.0:
  version "1.0.0"
  resolved "https://registry.yarnpkg.com/async-limiter/-/async-limiter-1.0.0.tgz#78faed8c3d074ab81f22b4e985d79e8738f720f8"

ws@^7.0.1:
  version "7.0.1"
  resolved "https://registry.yarnpkg.com/ws/-/ws-7.0.1.tgz#1a04e86cc3a57c03783f4910fdb090cf31b8e165"
  dependencies:
    async-limiter "^1.0.0"
